
Microsoft Visual Studio Solution File, Format Version 10.00
# Visual Studio 2008
Project("{8BC9CEB8-8B4A-11D0-8D11-00A0C91BC942}") = "ch", "ch\ch.vcproj", "{21030A76-32F4-429C-B48A-2394D2E9B9CC}"
EndProject
Global
	GlobalSection(SolutionConfigurationPlatforms) = preSolution
		Debug|Win32 = Debug|Win32
		Release|Win32 = Release|Win32
	EndGlobalSection
	GlobalSection(ProjectConfigurationPlatforms) = postSolution
		{21030A76-32F4-429C-B48A-2394D2E9B9CC}.Debug|Win32.ActiveCfg = Debug|Win32
		{21030A76-32F4-429C-B48A-2394D2E9B9CC}.Debug|Win32.Build.0 = Debug|Win32
		{21030A76-32F4-429C-B48A-2394D2E9B9CC}.Release|Win32.ActiveCfg = Release|Win32
		{21030A76-32F4-429C-B48A-2394D2E9B9CC}.Release|Win32.Build.0 = Release|Win32
	EndGlobalSection
	GlobalSection(SolutionProperties) = preSolution
		HideSolutionNode = FALSE
	EndGlobalSection
EndGlobal
