
Microsoft Visual Studio Solution File, Format Version 10.00
# Visual Studio 2008
Project("{8BC9CEB8-8B4A-11D0-8D11-00A0C91BC942}") = "p", "p\p.vcproj", "{CBAE8EAE-6A97-4B28-82A0-CAADB27D6ED9}"
EndProject
Global
	GlobalSection(SolutionConfigurationPlatforms) = preSolution
		Debug|Win32 = Debug|Win32
		Release|Win32 = Release|Win32
	EndGlobalSection
	GlobalSection(ProjectConfigurationPlatforms) = postSolution
		{CBAE8EAE-6A97-4B28-82A0-CAADB27D6ED9}.Debug|Win32.ActiveCfg = Debug|Win32
		{CBAE8EAE-6A97-4B28-82A0-CAADB27D6ED9}.Debug|Win32.Build.0 = Debug|Win32
		{CBAE8EAE-6A97-4B28-82A0-CAADB27D6ED9}.Release|Win32.ActiveCfg = Release|Win32
		{CBAE8EAE-6A97-4B28-82A0-CAADB27D6ED9}.Release|Win32.Build.0 = Release|Win32
	EndGlobalSection
	GlobalSection(SolutionProperties) = preSolution
		HideSolutionNode = FALSE
	EndGlobalSection
EndGlobal
