
Microsoft Visual Studio Solution File, Format Version 10.00
# Visual Studio 2008
Project("{8BC9CEB8-8B4A-11D0-8D11-00A0C91BC942}") = "smass", "smass\smass.vcproj", "{04A024DC-E2D9-49AB-9150-B517DFC5B02D}"
EndProject
Global
	GlobalSection(SolutionConfigurationPlatforms) = preSolution
		Debug|Win32 = Debug|Win32
		Release|Win32 = Release|Win32
	EndGlobalSection
	GlobalSection(ProjectConfigurationPlatforms) = postSolution
		{04A024DC-E2D9-49AB-9150-B517DFC5B02D}.Debug|Win32.ActiveCfg = Debug|Win32
		{04A024DC-E2D9-49AB-9150-B517DFC5B02D}.Debug|Win32.Build.0 = Debug|Win32
		{04A024DC-E2D9-49AB-9150-B517DFC5B02D}.Release|Win32.ActiveCfg = Release|Win32
		{04A024DC-E2D9-49AB-9150-B517DFC5B02D}.Release|Win32.Build.0 = Release|Win32
	EndGlobalSection
	GlobalSection(SolutionProperties) = preSolution
		HideSolutionNode = FALSE
	EndGlobalSection
EndGlobal
